
Microsoft Visual Studio Solution File, Format Version 12.00
# Visual Studio 14
VisualStudioVersion = 14.0.25420.1
MinimumVisualStudioVersion = 10.0.40219.1
Project("{FAE04EC0-301F-11D3-BF4B-00C04F79EFBC}") = "TelelinkUpload", "TelelinkUpload.csproj", "{E30C5EC0-4D54-4326-A83A-C2BA99C48377}"
EndProject
Project("{FAE04EC0-301F-11D3-BF4B-00C04F79EFBC}") = "ChangeDate", "..\ChangeDate\ChangeDate.csproj", "{009A041D-D11D-4460-9F0F-E792444C2318}"
EndProject
Global
	GlobalSection(SolutionConfigurationPlatforms) = preSolution
		Debug|Any CPU = Debug|Any CPU
		Release|Any CPU = Release|Any CPU
	EndGlobalSection
	GlobalSection(ProjectConfigurationPlatforms) = postSolution
		{E30C5EC0-4D54-4326-A83A-C2BA99C48377}.Debug|Any CPU.ActiveCfg = Debug|Any CPU
		{E30C5EC0-4D54-4326-A83A-C2BA99C48377}.Debug|Any CPU.Build.0 = Debug|Any CPU
		{E30C5EC0-4D54-4326-A83A-C2BA99C48377}.Release|Any CPU.ActiveCfg = Release|Any CPU
		{E30C5EC0-4D54-4326-A83A-C2BA99C48377}.Release|Any CPU.Build.0 = Release|Any CPU
		{009A041D-D11D-4460-9F0F-E792444C2318}.Debug|Any CPU.ActiveCfg = Debug|Any CPU
		{009A041D-D11D-4460-9F0F-E792444C2318}.Debug|Any CPU.Build.0 = Debug|Any CPU
		{009A041D-D11D-4460-9F0F-E792444C2318}.Release|Any CPU.ActiveCfg = Release|Any CPU
		{009A041D-D11D-4460-9F0F-E792444C2318}.Release|Any CPU.Build.0 = Release|Any CPU
	EndGlobalSection
	GlobalSection(SolutionProperties) = preSolution
		HideSolutionNode = FALSE
	EndGlobalSection
EndGlobal
